
Microsoft Visual Studio Solution File, Format Version 12.00
# Visual Studio 15
VisualStudioVersion = 15.0.28307.136
MinimumVisualStudioVersion = 10.0.40219.1
Project("{FAE04EC0-301F-11D3-BF4B-00C04F79EFBC}") = "CourierKata", "CourierKata\CourierKata.csproj", "{2C5F1B2F-AC87-4E73-B111-20BF7E1DC71E}"
EndProject
Global
	GlobalSection(SolutionConfigurationPlatforms) = preSolution
		Debug|Any CPU = Debug|Any CPU
		Release|Any CPU = Release|Any CPU
	EndGlobalSection
	GlobalSection(ProjectConfigurationPlatforms) = postSolution
		{2C5F1B2F-AC87-4E73-B111-20BF7E1DC71E}.Debug|Any CPU.ActiveCfg = Debug|Any CPU
		{2C5F1B2F-AC87-4E73-B111-20BF7E1DC71E}.Debug|Any CPU.Build.0 = Debug|Any CPU
		{2C5F1B2F-AC87-4E73-B111-20BF7E1DC71E}.Release|Any CPU.ActiveCfg = Release|Any CPU
		{2C5F1B2F-AC87-4E73-B111-20BF7E1DC71E}.Release|Any CPU.Build.0 = Release|Any CPU
	EndGlobalSection
	GlobalSection(SolutionProperties) = preSolution
		HideSolutionNode = FALSE
	EndGlobalSection
	GlobalSection(ExtensibilityGlobals) = postSolution
		SolutionGuid = {7CE13056-7D60-4E14-A58A-85DAA9632E41}
	EndGlobalSection
EndGlobal
